
Microsoft Visual Studio Solution File, Format Version 12.00
# Visual Studio 15
VisualStudioVersion = 15.0.28010.0
MinimumVisualStudioVersion = 10.0.40219.1
Project("{FAE04EC0-301F-11D3-BF4B-00C04F79EFBC}") = "LoggerDemo", "LoggerDemo\LoggerDemo.csproj", "{FAC4E168-85A7-4357-885D-DB5502C714E3}"
EndProject
Project("{9A19103F-16F7-4668-BE54-9A1E7A4F7556}") = "CZKJ.Logger", "CZKJ.Logger\CZKJ.Logger\CZKJ.Logger.csproj", "{C73478E6-7F3A-4A80-B5B6-AC2CF9272E7A}"
EndProject
Global
	GlobalSection(SolutionConfigurationPlatforms) = preSolution
		Debug|Any CPU = Debug|Any CPU
		Release|Any CPU = Release|Any CPU
	EndGlobalSection
	GlobalSection(ProjectConfigurationPlatforms) = postSolution
		{FAC4E168-85A7-4357-885D-DB5502C714E3}.Debug|Any CPU.ActiveCfg = Debug|Any CPU
		{FAC4E168-85A7-4357-885D-DB5502C714E3}.Debug|Any CPU.Build.0 = Debug|Any CPU
		{FAC4E168-85A7-4357-885D-DB5502C714E3}.Release|Any CPU.ActiveCfg = Release|Any CPU
		{FAC4E168-85A7-4357-885D-DB5502C714E3}.Release|Any CPU.Build.0 = Release|Any CPU
		{C73478E6-7F3A-4A80-B5B6-AC2CF9272E7A}.Debug|Any CPU.ActiveCfg = Debug|Any CPU
		{C73478E6-7F3A-4A80-B5B6-AC2CF9272E7A}.Debug|Any CPU.Build.0 = Debug|Any CPU
		{C73478E6-7F3A-4A80-B5B6-AC2CF9272E7A}.Release|Any CPU.ActiveCfg = Release|Any CPU
		{C73478E6-7F3A-4A80-B5B6-AC2CF9272E7A}.Release|Any CPU.Build.0 = Release|Any CPU
	EndGlobalSection
	GlobalSection(SolutionProperties) = preSolution
		HideSolutionNode = FALSE
	EndGlobalSection
	GlobalSection(ExtensibilityGlobals) = postSolution
		SolutionGuid = {8578F4DC-4631-4FE2-832A-04A729194E56}
	EndGlobalSection
EndGlobal
